// !$*UTF8*$!
{
	archiveVersion = 1;
	classes = {
	};
	objectVersion = 50;
	objects = {

/* Begin PBXBuildFile section */
		AA27C12923FE7D5800A54265 /* AppDelegate.swift in Sources */ = {isa = PBXBuildFile; fileRef = AA27C12823FE7D5800A54265 /* AppDelegate.swift */; };
		AA27C12B23FE7D5800A54265 /* SceneDelegate.swift in Sources */ = {isa = PBXBuildFile; fileRef = AA27C12A23FE7D5800A54265 /* SceneDelegate.swift */; };
		AA27C12D23FE7D5800A54265 /* ViewController.swift in Sources */ = {isa = PBXBuildFile; fileRef = AA27C12C23FE7D5800A54265 /* ViewController.swift */; };
		AA27C13023FE7D5800A54265 /* Main.storyboard in Resources */ = {isa = PBXBuildFile; fileRef = AA27C12E23FE7D5800A54265 /* Main.storyboard */; };
		AA27C13323FE7D5800A54265 /* TransferBetweenVC.xcdatamodeld in Sources */ = {isa = PBXBuildFile; fileRef = AA27C13123FE7D5800A54265 /* TransferBetweenVC.xcdatamodeld */; };
		AA27C13523FE7D5B00A54265 /* Assets.xcassets in Resources */ = {isa = PBXBuildFile; fileRef = AA27C13423FE7D5B00A54265 /* Assets.xcassets */; };
		AA27C13823FE7D5B00A54265 /* LaunchScreen.storyboard in Resources */ = {isa = PBXBuildFile; fileRef = AA27C13623FE7D5B00A54265 /* LaunchScreen.storyboard */; };
/* End PBXBuildFile section */

/* Begin PBXFileReference section */
		AA27C12523FE7D5800A54265 /* TransferBetweenVC.app */ = {isa = PBXFileReference; explicitFileType = wrapper.application; includeInIndex = 0; path = TransferBetweenVC.app; sourceTree = BUILT_PRODUCTS_DIR; };
		AA27C12823FE7D5800A54265 /* AppDelegate.swift */ = {isa = PBXFileReference; lastKnownFileType = sourcecode.swift; path = AppDelegate.swift; sourceTree = "<group>"; };
		AA27C12A23FE7D5800A54265 /* SceneDelegate.swift */ = {isa = PBXFileReference; lastKnownFileType = sourcecode.swift; path = SceneDelegate.swift; sourceTree = "<group>"; };
		AA27C12C23FE7D5800A54265 /* ViewController.swift */ = {isa = PBXFileReference; lastKnownFileType = sourcecode.swift; path = ViewController.swift; sourceTree = "<group>"; };
		AA27C12F23FE7D5800A54265 /* Base */ = {isa = PBXFileReference; lastKnownFileType = file.storyboard; name = Base; path = Base.lproj/Main.storyboard; sourceTree = "<group>"; };
		AA27C13223FE7D5800A54265 /* TransferBetweenVC.xcdatamodel */ = {isa = PBXFileReference; lastKnownFileType = wrapper.xcdatamodel; path = TransferBetweenVC.xcdatamodel; sourceTree = "<group>"; };
		AA27C13423FE7D5B00A54265 /* Assets.xcassets */ = {isa = PBXFileReference; lastKnownFileType = folder.assetcatalog; path = Assets.xcassets; sourceTree = "<group>"; };
		AA27C13723FE7D5B00A54265 /* Base */ = {isa = PBXFileReference; lastKnownFileType = file.storyboard; name = Base; path = Base.lproj/LaunchScreen.storyboard; sourceTree = "<group>"; };
		AA27C13923FE7D5B00A54265 /* Info.plist */ = {isa = PBXFileReference; lastKnownFileType = text.plist.xml; path = Info.plist; sourceTree = "<group>"; };
/* End PBXFileReference section */

/* Begin PBXFrameworksBuildPhase section */
		AA27C12223FE7D5800A54265 /* Frameworks */ = {
			isa = PBXFrameworksBuildPhase;
			buildActionMask = 2147483647;
			files = (
			);
			runOnlyForDeploymentPostprocessing = 0;
		};
/* End PBXFrameworksBuildPhase section */

/* Begin PBXGroup section */
		AA27C11C23FE7D5800A54265 = {
			isa = PBXGroup;
			children = (
				AA27C12723FE7D5800A54265 /* TransferBetweenVC */,
				AA27C12623FE7D5800A54265 /* Products */,
			);
			sourceTree = "<group>";
		};
		AA27C12623FE7D5800A54265 /* Products */ = {
			isa = PBXGroup;
			children = (
				AA27C12523FE7D5800A54265 /* TransferBetweenVC.app */,
			);
			name = Products;
			sourceTree = "<group>";
		};
		AA27C12723FE7D5800A54265 /* TransferBetweenVC */ = {
			isa = PBXGroup;
			children = (
				AA27C12823FE7D5800A54265 /* AppDelegate.swift */,
				AA27C12A23FE7D5800A54265 /* SceneDelegate.swift */,
				AA27C12C23FE7D5800A54265 /* ViewController.swift */,
				AA27C12E23FE7D5800A54265 /* Main.storyboard */,
				AA27C13423FE7D5B00A54265 /* Assets.xcassets */,
				AA27C13623FE7D5B00A54265 /* LaunchScreen.storyboard */,
				AA27C13923FE7D5B00A54265 /* Info.plist */,
				AA27C13123FE7D5800A54265 /* TransferBetweenVC.xcdatamodeld */,
			);
			path = TransferBetweenVC;
			sourceTree = "<group>";
		};
/* End PBXGroup section */

/* Begin PBXNativeTarget section */
		AA27C12423FE7D5800A54265 /* TransferBetweenVC */ = {
			isa = PBXNativeTarget;
			buildConfigurationList = AA27C13C23FE7D5B00A54265 /* Build configuration list for PBXNativeTarget "TransferBetweenVC" */;
			buildPhases = (
				AA27C12123FE7D5800A54265 /* Sources */,
				AA27C12223FE7D5800A54265 /* Frameworks */,
				AA27C12323FE7D5800A54265 /* Resources */,
			);
			buildRules = (
			);
			dependencies = (
			);
			name = TransferBetweenVC;
			productName = TransferBetweenVC;
			productReference = AA27C12523FE7D5800A54265 /* TransferBetweenVC.app */;
			productType = "com.apple.product-type.application";
		};
/* End PBXNativeTarget section */

/* Begin PBXProject section */
		AA27C11D23FE7D5800A54265 /* Project object */ = {
			isa = PBXProject;
			attributes = {
				LastSwiftUpdateCheck = 1130;
				LastUpgradeCheck = 1130;
				ORGANIZATIONNAME = maxxx;
				TargetAttributes = {
					AA27C12423FE7D5800A54265 = {
						CreatedOnToolsVersion = 11.3.1;
					};
				};
			};
			buildConfigurationList = AA27C12023FE7D5800A54265 /* Build configuration list for PBXProject "TransferBetweenVC" */;
			compatibilityVersion = "Xcode 9.3";
			developmentRegion = en;
			hasScannedForEncodings = 0;
			knownRegions = (
				en,
				Base,
			);
			mainGroup = AA27C11C23FE7D5800A54265;
			productRefGroup = AA27C12623FE7D5800A54265 /* Products */;
			projectDirPath = "";
			projectRoot = "";
			targets = (
				AA27C12423FE7D5800A54265 /* TransferBetweenVC */,
			);
		};
/* End PBXProject section */

/* Begin PBXResourcesBuildPhase section */
		AA27C12323FE7D5800A54265 /* Resources */ = {
			isa = PBXResourcesBuildPhase;
			buildActionMask = 2147483647;
			files = (
				AA27C13823FE7D5B00A54265 /* LaunchScreen.storyboard in Resources */,
				AA27C13523FE7D5B00A54265 /* Assets.xcassets in Resources */,
				AA27C13023FE7D5800A54265 /* Main.storyboard in Resources */,
			);
			runOnlyForDeploymentPostprocessing = 0;
		};
/* End PBXResourcesBuildPhase section */

/* Begin PBXSourcesBuildPhase section */
		AA27C12123FE7D5800A54265 /* Sources */ = {
			isa = PBXSourcesBuildPhase;
			buildActionMask = 2147483647;
			files = (
				AA27C12D23FE7D5800A54265 /* ViewController.swift in Sources */,
				AA27C12923FE7D5800A54265 /* AppDelegate.swift in Sources */,
				AA27C13323FE7D5800A54265 /* TransferBetweenVC.xcdatamodeld in Sources */,
				AA27C12B23FE7D5800A54265 /* SceneDelegate.swift in Sources */,
			);
			runOnlyForDeploymentPostprocessing = 0;
		};
/* End PBXSourcesBuildPhase section */

/* Begin PBXVariantGroup section */
		AA27C12E23FE7D5800A54265 /* Main.storyboard */ = {
			isa = PBXVariantGroup;
			children = (
				AA27C12F23FE7D5800A54265 /* Base */,
			);
			name = Main.storyboard;
			sourceTree = "<group>";
		};
		AA27C13623FE7D5B00A54265 /* LaunchScreen.storyboard */ = {
			isa = PBXVariantGroup;
			children = (
				AA27C13723FE7D5B00A54265 /* Base */,
			);
			name = LaunchScreen.storyboard;
			sourceTree = "<group>";
		};
/* End PBXVariantGroup section */

/* Begin XCBuildConfiguration section */
		AA27C13A23FE7D5B00A54265 /* Debug */ = {
			isa = XCBuildConfiguration;
			buildSettings = {
				ALWAYS_SEARCH_USER_PATHS = NO;
				CLANG_ANALYZER_NONNULL = YES;
				CLANG_ANALYZER_NUMBER_OBJECT_CONVERSION = YES_AGGRESSIVE;
				CLANG_CXX_LANGUAGE_STANDARD = "gnu++14";
				CLANG_CXX_LIBRARY = "libc++";
				CLANG_ENABLE_MODULES = YES;
				CLANG_ENABLE_OBJC_ARC = YES;
				CLANG_ENABLE_OBJC_WEAK = YES;
				CLANG_WARN_BLOCK_CAPTURE_AUTORELEASING = YES;
				CLANG_WARN_BOOL_CONVERSION = YES;
				CLANG_WARN_COMMA = YES;
				CLANG_WARN_CONSTANT_CONVERSION = YES;
				CLANG_WARN_DEPRECATED_OBJC_IMPLEMENTATIONS = YES;
				CLANG_WARN_DIRECT_OBJC_ISA_USAGE = YES_ERROR;
				CLANG_WARN_DOCUMENTATION_COMMENTS = YES;
				CLANG_WARN_EMPTY_BODY = YES;
				CLANG_WARN_ENUM_CONVERSION = YES;
				CLANG_WARN_INFINITE_RECURSION = YES;
				CLANG_WARN_INT_CONVERSION = YES;
				CLANG_WARN_NON_LITERAL_NULL_CONVERSION = YES;
				CLANG_WARN_OBJC_IMPLICIT_RETAIN_SELF = YES;
				CLANG_WARN_OBJC_LITERAL_CONVERSION = YES;
				CLANG_WARN_OBJC_ROOT_CLASS = YES_ERROR;
				CLANG_WARN_RANGE_LOOP_ANALYSIS = YES;
				CLANG_WARN_STRICT_PROTOTYPES = YES;
				CLANG_WARN_SUSPICIOUS_MOVE = YES;
				CLANG_WARN_UNGUARDED_AVAILABILITY = YES_AGGRESSIVE;
				CLANG_WARN_UNREACHABLE_CODE = YES;
				CLANG_WARN__DUPLICATE_METHOD_MATCH = YES;
				COPY_PHASE_STRIP = NO;
				DEBUG_INFORMATION_FORMAT = dwarf;
				ENABLE_STRICT_OBJC_MSGSEND = YES;
				ENABLE_TESTABILITY = YES;
				GCC_C_LANGUAGE_STANDARD = gnu11;
				GCC_DYNAMIC_NO_PIC = NO;
				GCC_NO_COMMON_BLOCKS = YES;
				GCC_OPTIMIZATION_LEVEL = 0;
				GCC_PREPROCESSOR_DEFINITIONS = (
					"DEBUG=1",
					"$(inherited)",
				);
				GCC_WARN_64_TO_32_BIT_CONVERSION = YES;
				GCC_WARN_ABOUT_RETURN_TYPE = YES_ERROR;
				GCC_WARN_UNDECLARED_SELECTOR = YES;
				GCC_WARN_UNINITIALIZED_AUTOS = YES_AGGRESSIVE;
				GCC_WARN_UNUSED_FUNCTION = YES;
				GCC_WARN_UNUSED_VARIABLE = YES;
				IPHONEOS_DEPLOYMENT_TARGET = 13.2;
				MTL_ENABLE_DEBUG_INFO = INCLUDE_SOURCE;
				MTL_FAST_MATH = YES;
				ONLY_ACTIVE_ARCH = YES;
				SDKROOT = iphoneos;
				SWIFT_ACTIVE_COMPILATION_CONDITIONS = DEBUG;
				SWIFT_OPTIMIZATION_LEVEL = "-Onone";
			};
			name = Debug;
		};
		AA27C13B23FE7D5B00A54265 /* Release */ = {
			isa = XCBuildConfiguration;
			buildSettings = {
				ALWAYS_SEARCH_USER_PATHS = NO;
				CLANG_ANALYZER_NONNULL = YES;
				CLANG_ANALYZER_NUMBER_OBJECT_CONVERSION = YES_AGGRESSIVE;
				CLANG_CXX_LANGUAGE_STANDARD = "gnu++14";
				CLANG_CXX_LIBRARY = "libc++";
				CLANG_ENABLE_MODULES = YES;
				CLANG_ENABLE_OBJC_ARC = YES;
				CLANG_ENABLE_OBJC_WEAK = YES;
				CLANG_WARN_BLOCK_CAPTURE_AUTORELEASING = YES;
				CLANG_WARN_BOOL_CONVERSION = YES;
				CLANG_WARN_COMMA = YES;
				CLANG_WARN_CONSTANT_CONVERSION = YES;
				CLANG_WARN_DEPRECATED_OBJC_IMPLEMENTATIONS = YES;
				CLANG_WARN_DIRECT_OBJC_ISA_USAGE = YES_ERROR;
				CLANG_WARN_DOCUMENTATION_COMMENTS = YES;
				CLANG_WARN_EMPTY_BODY = YES;
				CLANG_WARN_ENUM_CONVERSION = YES;
				CLANG_WARN_INFINITE_RECURSION = YES;
				CLANG_WARN_INT_CONVERSION = YES;
				CLANG_WARN_NON_LITERAL_NULL_CONVERSION = YES;
				CLANG_WARN_OBJC_IMPLICIT_RETAIN_SELF = YES;
				CLANG_WARN_OBJC_LITERAL_CONVERSION = YES;
				CLANG_WARN_OBJC_ROOT_CLASS = YES_ERROR;
				CLANG_WARN_RANGE_LOOP_ANALYSIS = YES;
				CLANG_WARN_STRICT_PROTOTYPES = YES;
				CLANG_WARN_SUSPICIOUS_MOVE = YES;
				CLANG_WARN_UNGUARDED_AVAILABILITY = YES_AGGRESSIVE;
				CLANG_WARN_UNREACHABLE_CODE = YES;
				CLANG_WARN__DUPLICATE_METHOD_MATCH = YES;
				COPY_PHASE_STRIP = NO;
				DEBUG_INFORMATION_FORMAT = "dwarf-with-dsym";
				ENABLE_NS_ASSERTIONS = NO;
				ENABLE_STRICT_OBJC_MSGSEND = YES;
				GCC_C_LANGUAGE_STANDARD = gnu11;
				GCC_NO_COMMON_BLOCKS = YES;
				GCC_WARN_64_TO_32_BIT_CONVERSION = YES;
				GCC_WARN_ABOUT_RETURN_TYPE = YES_ERROR;
				GCC_WARN_UNDECLARED_SELECTOR = YES;
				GCC_WARN_UNINITIALIZED_AUTOS = YES_AGGRESSIVE;
				GCC_WARN_UNUSED_FUNCTION = YES;
				GCC_WARN_UNUSED_VARIABLE = YES;
				IPHONEOS_DEPLOYMENT_TARGET = 13.2;
				MTL_ENABLE_DEBUG_INFO = NO;
				MTL_FAST_MATH = YES;
				SDKROOT = iphoneos;
				SWIFT_COMPILATION_MODE = wholemodule;
				SWIFT_OPTIMIZATION_LEVEL = "-O";
				VALIDATE_PRODUCT = YES;
			};
			name = Release;
		};
		AA27C13D23FE7D5B00A54265 /* Debug */ = {
			isa = XCBuildConfiguration;
			buildSettings = {
				ASSETCATALOG_COMPILER_APPICON_NAME = AppIcon;
				CODE_SIGN_STYLE = Automatic;
				DEVELOPMENT_TEAM = C9UDSCUJ28;
				INFOPLIST_FILE = TransferBetweenVC/Info.plist;
				LD_RUNPATH_SEARCH_PATHS = (
					"$(inherited)",
					"@executable_path/Frameworks",
				);
				PRODUCT_BUNDLE_IDENTIFIER = "test-org.TransferBetweenVC";
				PRODUCT_NAME = "$(TARGET_NAME)";
				SWIFT_VERSION = 5.0;
				TARGETED_DEVICE_FAMILY = "1,2";
			};
			name = Debug;
		};
		AA27C13E23FE7D5B00A54265 /* Release */ = {
			isa = XCBuildConfiguration;
			buildSettings = {
				ASSETCATALOG_COMPILER_APPICON_NAME = AppIcon;
				CODE_SIGN_STYLE = Automatic;
				DEVELOPMENT_TEAM = C9UDSCUJ28;
				INFOPLIST_FILE = TransferBetweenVC/Info.plist;
				LD_RUNPATH_SEARCH_PATHS = (
					"$(inherited)",
					"@executable_path/Frameworks",
				);
				PRODUCT_BUNDLE_IDENTIFIER = "test-org.TransferBetweenVC";
				PRODUCT_NAME = "$(TARGET_NAME)";
				SWIFT_VERSION = 5.0;
				TARGETED_DEVICE_FAMILY = "1,2";
			};
			name = Release;
		};
/* End XCBuildConfiguration section */

/* Begin XCConfigurationList section */
		AA27C12023FE7D5800A54265 /* Build configuration list for PBXProject "TransferBetweenVC" */ = {
			isa = XCConfigurationList;
			buildConfigurations = (
				AA27C13A23FE7D5B00A54265 /* Debug */,
				AA27C13B23FE7D5B00A54265 /* Release */,
			);
			defaultConfigurationIsVisible = 0;
			defaultConfigurationName = Release;
		};
		AA27C13C23FE7D5B00A54265 /* Build configuration list for PBXNativeTarget "TransferBetweenVC" */ = {
			isa = XCConfigurationList;
			buildConfigurations = (
				AA27C13D23FE7D5B00A54265 /* Debug */,
				AA27C13E23FE7D5B00A54265 /* Release */,
			);
			defaultConfigurationIsVisible = 0;
			defaultConfigurationName = Release;
		};
/* End XCConfigurationList section */

/* Begin XCVersionGroup section */
		AA27C13123FE7D5800A54265 /* TransferBetweenVC.xcdatamodeld */ = {
			isa = XCVersionGroup;
			children = (
				AA27C13223FE7D5800A54265 /* TransferBetweenVC.xcdatamodel */,
			);
			currentVersion = AA27C13223FE7D5800A54265 /* TransferBetweenVC.xcdatamodel */;
			path = TransferBetweenVC.xcdatamodeld;
			sourceTree = "<group>";
			versionGroupType = wrapper.xcdatamodel;
		};
/* End XCVersionGroup section */
	};
	rootObject = AA27C11D23FE7D5800A54265 /* Project object */;
}
